
Microsoft Visual Studio Solution File, Format Version 12.00
# Visual Studio Version 16
VisualStudioVersion = 16.0.30517.126
MinimumVisualStudioVersion = 10.0.40219.1
Project("{FAE04EC0-301F-11D3-BF4B-00C04F79EFBC}") = "Rabbbit.Producer", "Rabbbit.Producer\Rabbbit.Producer.csproj", "{D0C54132-9A6F-447C-A8A8-6F526F456253}"
EndProject
Project("{FAE04EC0-301F-11D3-BF4B-00C04F79EFBC}") = "Rabbit.Consumer", "Rabbit.Consumer\Rabbit.Consumer.csproj", "{E2E96520-7C4B-4911-9928-E34B78A9C107}"
EndProject
Global
	GlobalSection(SolutionConfigurationPlatforms) = preSolution
		Debug|Any CPU = Debug|Any CPU
		Release|Any CPU = Release|Any CPU
	EndGlobalSection
	GlobalSection(ProjectConfigurationPlatforms) = postSolution
		{D0C54132-9A6F-447C-A8A8-6F526F456253}.Debug|Any CPU.ActiveCfg = Debug|Any CPU
		{D0C54132-9A6F-447C-A8A8-6F526F456253}.Debug|Any CPU.Build.0 = Debug|Any CPU
		{D0C54132-9A6F-447C-A8A8-6F526F456253}.Release|Any CPU.ActiveCfg = Release|Any CPU
		{D0C54132-9A6F-447C-A8A8-6F526F456253}.Release|Any CPU.Build.0 = Release|Any CPU
		{E2E96520-7C4B-4911-9928-E34B78A9C107}.Debug|Any CPU.ActiveCfg = Debug|Any CPU
		{E2E96520-7C4B-4911-9928-E34B78A9C107}.Debug|Any CPU.Build.0 = Debug|Any CPU
		{E2E96520-7C4B-4911-9928-E34B78A9C107}.Release|Any CPU.ActiveCfg = Release|Any CPU
		{E2E96520-7C4B-4911-9928-E34B78A9C107}.Release|Any CPU.Build.0 = Release|Any CPU
	EndGlobalSection
	GlobalSection(SolutionProperties) = preSolution
		HideSolutionNode = FALSE
	EndGlobalSection
	GlobalSection(ExtensibilityGlobals) = postSolution
		SolutionGuid = {D3D743DC-56CE-4224-AB7C-AD7431B2C6E4}
	EndGlobalSection
EndGlobal
